
Microsoft Visual Studio Solution File, Format Version 12.00
# Visual Studio 15
VisualStudioVersion = 15.0.26430.14
MinimumVisualStudioVersion = 10.0.40219.1
Project("{2150E333-8FDC-42A3-9474-1A3956D46DE8}") = "src", "src", "{D02777E3-31E1-40C9-B114-485E07E71B84}"
EndProject
Project("{2150E333-8FDC-42A3-9474-1A3956D46DE8}") = "Solution Items", "Solution Items", "{55911E40-F079-4D98-8AED-785463AFBD40}"
EndProject
Project("{2150E333-8FDC-42A3-9474-1A3956D46DE8}") = "test", "test", "{5599B0FC-37F4-4E10-9CFD-96611FDF9794}"
EndProject
Project("{2150E333-8FDC-42A3-9474-1A3956D46DE8}") = "infra", "infra", "{311822C6-CC4A-4A78-BE83-C5F462683B75}"
EndProject
Project("{9A19103F-16F7-4668-BE54-9A1E7A4F7556}") = "AspNetCoreApplication", "src\AspNetCoreApplication\AspNetCoreApplication.csproj", "{695403A6-C1ED-4647-B4BC-74133A41B70D}"
EndProject
Project("{9A19103F-16F7-4668-BE54-9A1E7A4F7556}") = "AspNetCoreApplication.UnitTests", "test\AspNetCoreApplication.UnitTests\AspNetCoreApplication.UnitTests.csproj", "{EF0BB060-ADAF-4274-8AA7-DAA634BDBC5E}"
EndProject
Project("{151D2E53-A2C4-4D7D-83FE-D05416EBD58E}") = "ManageAzureWebAppAzureResourceGroup", "infra\ManageAzureWebAppAzureResourceGroup\ManageAzureWebAppAzureResourceGroup.deployproj", "{34351608-AFC9-4552-B627-C463566B3659}"
EndProject
Project("{FAE04EC0-301F-11D3-BF4B-00C04F79EFBC}") = "AspNetCoreApplication.UITests", "test\AspNetCoreApplication.UITests\AspNetCoreApplication.UITests.csproj", "{A14D0BCE-E68D-4622-8D8A-20F87E2D04DA}"
EndProject
Global
	GlobalSection(SolutionConfigurationPlatforms) = preSolution
		Debug|Any CPU = Debug|Any CPU
		Release|Any CPU = Release|Any CPU
	EndGlobalSection
	GlobalSection(ProjectConfigurationPlatforms) = postSolution
		{695403A6-C1ED-4647-B4BC-74133A41B70D}.Debug|Any CPU.ActiveCfg = Debug|Any CPU
		{695403A6-C1ED-4647-B4BC-74133A41B70D}.Debug|Any CPU.Build.0 = Debug|Any CPU
		{695403A6-C1ED-4647-B4BC-74133A41B70D}.Release|Any CPU.ActiveCfg = Release|Any CPU
		{695403A6-C1ED-4647-B4BC-74133A41B70D}.Release|Any CPU.Build.0 = Release|Any CPU
		{EF0BB060-ADAF-4274-8AA7-DAA634BDBC5E}.Debug|Any CPU.ActiveCfg = Debug|Any CPU
		{EF0BB060-ADAF-4274-8AA7-DAA634BDBC5E}.Debug|Any CPU.Build.0 = Debug|Any CPU
		{EF0BB060-ADAF-4274-8AA7-DAA634BDBC5E}.Release|Any CPU.ActiveCfg = Release|Any CPU
		{EF0BB060-ADAF-4274-8AA7-DAA634BDBC5E}.Release|Any CPU.Build.0 = Release|Any CPU
		{34351608-AFC9-4552-B627-C463566B3659}.Debug|Any CPU.ActiveCfg = Debug|Any CPU
		{34351608-AFC9-4552-B627-C463566B3659}.Debug|Any CPU.Build.0 = Debug|Any CPU
		{34351608-AFC9-4552-B627-C463566B3659}.Release|Any CPU.ActiveCfg = Release|Any CPU
		{34351608-AFC9-4552-B627-C463566B3659}.Release|Any CPU.Build.0 = Release|Any CPU
		{A14D0BCE-E68D-4622-8D8A-20F87E2D04DA}.Debug|Any CPU.ActiveCfg = Debug|Any CPU
		{A14D0BCE-E68D-4622-8D8A-20F87E2D04DA}.Debug|Any CPU.Build.0 = Debug|Any CPU
		{A14D0BCE-E68D-4622-8D8A-20F87E2D04DA}.Release|Any CPU.ActiveCfg = Release|Any CPU
		{A14D0BCE-E68D-4622-8D8A-20F87E2D04DA}.Release|Any CPU.Build.0 = Release|Any CPU
	EndGlobalSection
	GlobalSection(SolutionProperties) = preSolution
		HideSolutionNode = FALSE
	EndGlobalSection
	GlobalSection(NestedProjects) = preSolution
		{695403A6-C1ED-4647-B4BC-74133A41B70D} = {D02777E3-31E1-40C9-B114-485E07E71B84}
		{EF0BB060-ADAF-4274-8AA7-DAA634BDBC5E} = {5599B0FC-37F4-4E10-9CFD-96611FDF9794}
		{34351608-AFC9-4552-B627-C463566B3659} = {311822C6-CC4A-4A78-BE83-C5F462683B75}
		{A14D0BCE-E68D-4622-8D8A-20F87E2D04DA} = {5599B0FC-37F4-4E10-9CFD-96611FDF9794}
	EndGlobalSection
EndGlobal
